
Microsoft Visual Studio Solution File, Format Version 12.00
# Visual Studio Version 17
VisualStudioVersion = 17.7.34031.279
MinimumVisualStudioVersion = 10.0.40219.1
Project("{FAE04EC0-301F-11D3-BF4B-00C04F79EFBC}") = "ConsoleAppPruebaInterfaces", "ConsoleAppPruebaInterfaces\ConsoleAppPruebaInterfaces.csproj", "{3D3735FA-EA9B-47C0-84E4-A4F6A7D0038F}"
EndProject
Global
	GlobalSection(SolutionConfigurationPlatforms) = preSolution
		Debug|Any CPU = Debug|Any CPU
		Release|Any CPU = Release|Any CPU
	EndGlobalSection
	GlobalSection(ProjectConfigurationPlatforms) = postSolution
		{3D3735FA-EA9B-47C0-84E4-A4F6A7D0038F}.Debug|Any CPU.ActiveCfg = Debug|Any CPU
		{3D3735FA-EA9B-47C0-84E4-A4F6A7D0038F}.Debug|Any CPU.Build.0 = Debug|Any CPU
		{3D3735FA-EA9B-47C0-84E4-A4F6A7D0038F}.Release|Any CPU.ActiveCfg = Release|Any CPU
		{3D3735FA-EA9B-47C0-84E4-A4F6A7D0038F}.Release|Any CPU.Build.0 = Release|Any CPU
	EndGlobalSection
	GlobalSection(SolutionProperties) = preSolution
		HideSolutionNode = FALSE
	EndGlobalSection
	GlobalSection(ExtensibilityGlobals) = postSolution
		SolutionGuid = {D616901E-D4D4-4746-873F-AC6472D13AF6}
	EndGlobalSection
EndGlobal
